// !$*UTF8*$!
{
	archiveVersion = 1;
	classes = {
	};
	objectVersion = 46;
	objects = {

/* Begin PBXBuildFile section */
		01C575D21F699658005BB217 /* main.m in Sources */ = {isa = PBXBuildFile; fileRef = 01C575D11F699658005BB217 /* main.m */; };
		01C575D51F699658005BB217 /* AppDelegate.m in Sources */ = {isa = PBXBuildFile; fileRef = 01C575D41F699658005BB217 /* AppDelegate.m */; };
		01C575D81F699658005BB217 /* ViewController.m in Sources */ = {isa = PBXBuildFile; fileRef = 01C575D71F699658005BB217 /* ViewController.m */; };
		01C575DB1F699658005BB217 /* Main.storyboard in Resources */ = {isa = PBXBuildFile; fileRef = 01C575D91F699658005BB217 /* Main.storyboard */; };
		01C575DD1F699658005BB217 /* Assets.xcassets in Resources */ = {isa = PBXBuildFile; fileRef = 01C575DC1F699658005BB217 /* Assets.xcassets */; };
		01C575E01F699658005BB217 /* LaunchScreen.storyboard in Resources */ = {isa = PBXBuildFile; fileRef = 01C575DE1F699658005BB217 /* LaunchScreen.storyboard */; };
		01C575F91F699A63005BB217 /* back_porch.jpg in Resources */ = {isa = PBXBuildFile; fileRef = 01C575EA1F699A63005BB217 /* back_porch.jpg */; };
		01C575FA1F699A63005BB217 /* bathroom.jpg in Resources */ = {isa = PBXBuildFile; fileRef = 01C575EB1F699A63005BB217 /* bathroom.jpg */; };
		01C575FB1F699A63005BB217 /* bedroom.jpg in Resources */ = {isa = PBXBuildFile; fileRef = 01C575EC1F699A63005BB217 /* bedroom.jpg */; };
		01C575FC1F699A63005BB217 /* coat_room.jpg in Resources */ = {isa = PBXBuildFile; fileRef = 01C575ED1F699A63005BB217 /* coat_room.jpg */; };
		01C575FD1F699A63005BB217 /* cursed_chalice.jpg in Resources */ = {isa = PBXBuildFile; fileRef = 01C575EE1F699A63005BB217 /* cursed_chalice.jpg */; };
		01C575FE1F699A63005BB217 /* dining_room.jpg in Resources */ = {isa = PBXBuildFile; fileRef = 01C575EF1F699A63005BB217 /* dining_room.jpg */; };
		01C575FF1F699A63005BB217 /* dungeon.jpg in Resources */ = {isa = PBXBuildFile; fileRef = 01C575F01F699A63005BB217 /* dungeon.jpg */; };
		01C576001F699A63005BB217 /* front_door.jpg in Resources */ = {isa = PBXBuildFile; fileRef = 01C575F11F699A63005BB217 /* front_door.jpg */; };
		01C576011F699A63005BB217 /* generator.jpg in Resources */ = {isa = PBXBuildFile; fileRef = 01C575F21F699A63005BB217 /* generator.jpg */; };
		01C576021F699A63005BB217 /* kitchen.jpg in Resources */ = {isa = PBXBuildFile; fileRef = 01C575F31F699A63005BB217 /* kitchen.jpg */; };
		01C576031F699A63005BB217 /* labratory.jpg in Resources */ = {isa = PBXBuildFile; fileRef = 01C575F41F699A63005BB217 /* labratory.jpg */; };
		01C576041F699A63005BB217 /* library.jpg in Resources */ = {isa = PBXBuildFile; fileRef = 01C575F51F699A63005BB217 /* library.jpg */; };
		01C576051F699A63005BB217 /* mysterious_lake.jpg in Resources */ = {isa = PBXBuildFile; fileRef = 01C575F61F699A63005BB217 /* mysterious_lake.jpg */; };
		01C576061F699A63005BB217 /* secret_passage.jpg in Resources */ = {isa = PBXBuildFile; fileRef = 01C575F71F699A63005BB217 /* secret_passage.jpg */; };
		01C576071F699A63005BB217 /* stairs_up.jpg in Resources */ = {isa = PBXBuildFile; fileRef = 01C575F81F699A63005BB217 /* stairs_up.jpg */; };
		01C576091F699AA7005BB217 /* images in Resources */ = {isa = PBXBuildFile; fileRef = 01C576081F699AA7005BB217 /* images */; };
/* End PBXBuildFile section */

/* Begin PBXFileReference section */
		01C575CD1F699658005BB217 /* EnteringHouse.app */ = {isa = PBXFileReference; explicitFileType = wrapper.application; includeInIndex = 0; path = EnteringHouse.app; sourceTree = BUILT_PRODUCTS_DIR; };
		01C575D11F699658005BB217 /* main.m */ = {isa = PBXFileReference; lastKnownFileType = sourcecode.c.objc; path = main.m; sourceTree = "<group>"; };
		01C575D31F699658005BB217 /* AppDelegate.h */ = {isa = PBXFileReference; lastKnownFileType = sourcecode.c.h; path = AppDelegate.h; sourceTree = "<group>"; };
		01C575D41F699658005BB217 /* AppDelegate.m */ = {isa = PBXFileReference; lastKnownFileType = sourcecode.c.objc; path = AppDelegate.m; sourceTree = "<group>"; };
		01C575D61F699658005BB217 /* ViewController.h */ = {isa = PBXFileReference; lastKnownFileType = sourcecode.c.h; path = ViewController.h; sourceTree = "<group>"; };
		01C575D71F699658005BB217 /* ViewController.m */ = {isa = PBXFileReference; lastKnownFileType = sourcecode.c.objc; path = ViewController.m; sourceTree = "<group>"; };
		01C575DA1F699658005BB217 /* Base */ = {isa = PBXFileReference; lastKnownFileType = file.storyboard; name = Base; path = Base.lproj/Main.storyboard; sourceTree = "<group>"; };
		01C575DC1F699658005BB217 /* Assets.xcassets */ = {isa = PBXFileReference; lastKnownFileType = folder.assetcatalog; path = Assets.xcassets; sourceTree = "<group>"; };
		01C575DF1F699658005BB217 /* Base */ = {isa = PBXFileReference; lastKnownFileType = file.storyboard; name = Base; path = Base.lproj/LaunchScreen.storyboard; sourceTree = "<group>"; };
		01C575E11F699658005BB217 /* Info.plist */ = {isa = PBXFileReference; lastKnownFileType = text.plist.xml; path = Info.plist; sourceTree = "<group>"; };
		01C575EA1F699A63005BB217 /* back_porch.jpg */ = {isa = PBXFileReference; lastKnownFileType = image.jpeg; name = back_porch.jpg; path = images/back_porch.jpg; sourceTree = "<group>"; };
		01C575EB1F699A63005BB217 /* bathroom.jpg */ = {isa = PBXFileReference; lastKnownFileType = image.jpeg; name = bathroom.jpg; path = images/bathroom.jpg; sourceTree = "<group>"; };
		01C575EC1F699A63005BB217 /* bedroom.jpg */ = {isa = PBXFileReference; lastKnownFileType = image.jpeg; name = bedroom.jpg; path = images/bedroom.jpg; sourceTree = "<group>"; };
		01C575ED1F699A63005BB217 /* coat_room.jpg */ = {isa = PBXFileReference; lastKnownFileType = image.jpeg; name = coat_room.jpg; path = images/coat_room.jpg; sourceTree = "<group>"; };
		01C575EE1F699A63005BB217 /* cursed_chalice.jpg */ = {isa = PBXFileReference; lastKnownFileType = image.jpeg; name = cursed_chalice.jpg; path = images/cursed_chalice.jpg; sourceTree = "<group>"; };
		01C575EF1F699A63005BB217 /* dining_room.jpg */ = {isa = PBXFileReference; lastKnownFileType = image.jpeg; name = dining_room.jpg; path = images/dining_room.jpg; sourceTree = "<group>"; };
		01C575F01F699A63005BB217 /* dungeon.jpg */ = {isa = PBXFileReference; lastKnownFileType = image.jpeg; name = dungeon.jpg; path = images/dungeon.jpg; sourceTree = "<group>"; };
		01C575F11F699A63005BB217 /* front_door.jpg */ = {isa = PBXFileReference; lastKnownFileType = image.jpeg; name = front_door.jpg; path = images/front_door.jpg; sourceTree = "<group>"; };
		01C575F21F699A63005BB217 /* generator.jpg */ = {isa = PBXFileReference; lastKnownFileType = image.jpeg; name = generator.jpg; path = images/generator.jpg; sourceTree = "<group>"; };
		01C575F31F699A63005BB217 /* kitchen.jpg */ = {isa = PBXFileReference; lastKnownFileType = image.jpeg; name = kitchen.jpg; path = images/kitchen.jpg; sourceTree = "<group>"; };
		01C575F41F699A63005BB217 /* labratory.jpg */ = {isa = PBXFileReference; lastKnownFileType = image.jpeg; name = labratory.jpg; path = images/labratory.jpg; sourceTree = "<group>"; };
		01C575F51F699A63005BB217 /* library.jpg */ = {isa = PBXFileReference; lastKnownFileType = image.jpeg; name = library.jpg; path = images/library.jpg; sourceTree = "<group>"; };
		01C575F61F699A63005BB217 /* mysterious_lake.jpg */ = {isa = PBXFileReference; lastKnownFileType = image.jpeg; name = mysterious_lake.jpg; path = images/mysterious_lake.jpg; sourceTree = "<group>"; };
		01C575F71F699A63005BB217 /* secret_passage.jpg */ = {isa = PBXFileReference; lastKnownFileType = image.jpeg; name = secret_passage.jpg; path = images/secret_passage.jpg; sourceTree = "<group>"; };
		01C575F81F699A63005BB217 /* stairs_up.jpg */ = {isa = PBXFileReference; lastKnownFileType = image.jpeg; name = stairs_up.jpg; path = images/stairs_up.jpg; sourceTree = "<group>"; };
		01C576081F699AA7005BB217 /* images */ = {isa = PBXFileReference; lastKnownFileType = folder; path = images; sourceTree = "<group>"; };
/* End PBXFileReference section */

/* Begin PBXFrameworksBuildPhase section */
		01C575CA1F699658005BB217 /* Frameworks */ = {
			isa = PBXFrameworksBuildPhase;
			buildActionMask = 2147483647;
			files = (
			);
			runOnlyForDeploymentPostprocessing = 0;
		};
/* End PBXFrameworksBuildPhase section */

/* Begin PBXGroup section */
		01C575C41F699658005BB217 = {
			isa = PBXGroup;
			children = (
				01C575CF1F699658005BB217 /* EnteringHouse */,
				01C575CE1F699658005BB217 /* Products */,
			);
			sourceTree = "<group>";
		};
		01C575CE1F699658005BB217 /* Products */ = {
			isa = PBXGroup;
			children = (
				01C575CD1F699658005BB217 /* EnteringHouse.app */,
			);
			name = Products;
			sourceTree = "<group>";
		};
		01C575CF1F699658005BB217 /* EnteringHouse */ = {
			isa = PBXGroup;
			children = (
				01C5760A1F699AB2005BB217 /* Pics */,
				01C575D31F699658005BB217 /* AppDelegate.h */,
				01C575D41F699658005BB217 /* AppDelegate.m */,
				01C575D61F699658005BB217 /* ViewController.h */,
				01C575D71F699658005BB217 /* ViewController.m */,
				01C575D91F699658005BB217 /* Main.storyboard */,
				01C575DC1F699658005BB217 /* Assets.xcassets */,
				01C576081F699AA7005BB217 /* images */,
				01C575DE1F699658005BB217 /* LaunchScreen.storyboard */,
				01C575E11F699658005BB217 /* Info.plist */,
				01C575D01F699658005BB217 /* Supporting Files */,
			);
			path = EnteringHouse;
			sourceTree = "<group>";
		};
		01C575D01F699658005BB217 /* Supporting Files */ = {
			isa = PBXGroup;
			children = (
				01C575D11F699658005BB217 /* main.m */,
			);
			name = "Supporting Files";
			sourceTree = "<group>";
		};
		01C5760A1F699AB2005BB217 /* Pics */ = {
			isa = PBXGroup;
			children = (
				01C575EA1F699A63005BB217 /* back_porch.jpg */,
				01C575EB1F699A63005BB217 /* bathroom.jpg */,
				01C575EC1F699A63005BB217 /* bedroom.jpg */,
				01C575ED1F699A63005BB217 /* coat_room.jpg */,
				01C575EE1F699A63005BB217 /* cursed_chalice.jpg */,
				01C575EF1F699A63005BB217 /* dining_room.jpg */,
				01C575F01F699A63005BB217 /* dungeon.jpg */,
				01C575F11F699A63005BB217 /* front_door.jpg */,
				01C575F21F699A63005BB217 /* generator.jpg */,
				01C575F31F699A63005BB217 /* kitchen.jpg */,
				01C575F41F699A63005BB217 /* labratory.jpg */,
				01C575F51F699A63005BB217 /* library.jpg */,
				01C575F61F699A63005BB217 /* mysterious_lake.jpg */,
				01C575F71F699A63005BB217 /* secret_passage.jpg */,
				01C575F81F699A63005BB217 /* stairs_up.jpg */,
			);
			name = Pics;
			sourceTree = "<group>";
		};
/* End PBXGroup section */

/* Begin PBXNativeTarget section */
		01C575CC1F699658005BB217 /* EnteringHouse */ = {
			isa = PBXNativeTarget;
			buildConfigurationList = 01C575E41F699658005BB217 /* Build configuration list for PBXNativeTarget "EnteringHouse" */;
			buildPhases = (
				01C575C91F699658005BB217 /* Sources */,
				01C575CA1F699658005BB217 /* Frameworks */,
				01C575CB1F699658005BB217 /* Resources */,
			);
			buildRules = (
			);
			dependencies = (
			);
			name = EnteringHouse;
			productName = EnteringHouse;
			productReference = 01C575CD1F699658005BB217 /* EnteringHouse.app */;
			productType = "com.apple.product-type.application";
		};
/* End PBXNativeTarget section */

/* Begin PBXProject section */
		01C575C51F699658005BB217 /* Project object */ = {
			isa = PBXProject;
			attributes = {
				LastUpgradeCheck = 0830;
				ORGANIZATIONNAME = "Nicolas Guerrero";
				TargetAttributes = {
					01C575CC1F699658005BB217 = {
						CreatedOnToolsVersion = 8.3.3;
						ProvisioningStyle = Automatic;
					};
				};
			};
			buildConfigurationList = 01C575C81F699658005BB217 /* Build configuration list for PBXProject "EnteringHouse" */;
			compatibilityVersion = "Xcode 3.2";
			developmentRegion = English;
			hasScannedForEncodings = 0;
			knownRegions = (
				en,
				Base,
			);
			mainGroup = 01C575C41F699658005BB217;
			productRefGroup = 01C575CE1F699658005BB217 /* Products */;
			projectDirPath = "";
			projectRoot = "";
			targets = (
				01C575CC1F699658005BB217 /* EnteringHouse */,
			);
		};
/* End PBXProject section */

/* Begin PBXResourcesBuildPhase section */
		01C575CB1F699658005BB217 /* Resources */ = {
			isa = PBXResourcesBuildPhase;
			buildActionMask = 2147483647;
			files = (
				01C575F91F699A63005BB217 /* back_porch.jpg in Resources */,
				01C576071F699A63005BB217 /* stairs_up.jpg in Resources */,
				01C576061F699A63005BB217 /* secret_passage.jpg in Resources */,
				01C575FD1F699A63005BB217 /* cursed_chalice.jpg in Resources */,
				01C575FE1F699A63005BB217 /* dining_room.jpg in Resources */,
				01C576051F699A63005BB217 /* mysterious_lake.jpg in Resources */,
				01C575FF1F699A63005BB217 /* dungeon.jpg in Resources */,
				01C575E01F699658005BB217 /* LaunchScreen.storyboard in Resources */,
				01C575DD1F699658005BB217 /* Assets.xcassets in Resources */,
				01C575FB1F699A63005BB217 /* bedroom.jpg in Resources */,
				01C575DB1F699658005BB217 /* Main.storyboard in Resources */,
				01C576011F699A63005BB217 /* generator.jpg in Resources */,
				01C576091F699AA7005BB217 /* images in Resources */,
				01C576001F699A63005BB217 /* front_door.jpg in Resources */,
				01C575FA1F699A63005BB217 /* bathroom.jpg in Resources */,
				01C576021F699A63005BB217 /* kitchen.jpg in Resources */,
				01C575FC1F699A63005BB217 /* coat_room.jpg in Resources */,
				01C576031F699A63005BB217 /* labratory.jpg in Resources */,
				01C576041F699A63005BB217 /* library.jpg in Resources */,
			);
			runOnlyForDeploymentPostprocessing = 0;
		};
/* End PBXResourcesBuildPhase section */

/* Begin PBXSourcesBuildPhase section */
		01C575C91F699658005BB217 /* Sources */ = {
			isa = PBXSourcesBuildPhase;
			buildActionMask = 2147483647;
			files = (
				01C575D81F699658005BB217 /* ViewController.m in Sources */,
				01C575D51F699658005BB217 /* AppDelegate.m in Sources */,
				01C575D21F699658005BB217 /* main.m in Sources */,
			);
			runOnlyForDeploymentPostprocessing = 0;
		};
/* End PBXSourcesBuildPhase section */

/* Begin PBXVariantGroup section */
		01C575D91F699658005BB217 /* Main.storyboard */ = {
			isa = PBXVariantGroup;
			children = (
				01C575DA1F699658005BB217 /* Base */,
			);
			name = Main.storyboard;
			sourceTree = "<group>";
		};
		01C575DE1F699658005BB217 /* LaunchScreen.storyboard */ = {
			isa = PBXVariantGroup;
			children = (
				01C575DF1F699658005BB217 /* Base */,
			);
			name = LaunchScreen.storyboard;
			sourceTree = "<group>";
		};
/* End PBXVariantGroup section */

/* Begin XCBuildConfiguration section */
		01C575E21F699658005BB217 /* Debug */ = {
			isa = XCBuildConfiguration;
			buildSettings = {
				ALWAYS_SEARCH_USER_PATHS = NO;
				CLANG_ANALYZER_NONNULL = YES;
				CLANG_ANALYZER_NUMBER_OBJECT_CONVERSION = YES_AGGRESSIVE;
				CLANG_CXX_LANGUAGE_STANDARD = "gnu++0x";
				CLANG_CXX_LIBRARY = "libc++";
				CLANG_ENABLE_MODULES = YES;
				CLANG_ENABLE_OBJC_ARC = YES;
				CLANG_WARN_BOOL_CONVERSION = YES;
				CLANG_WARN_CONSTANT_CONVERSION = YES;
				CLANG_WARN_DIRECT_OBJC_ISA_USAGE = YES_ERROR;
				CLANG_WARN_DOCUMENTATION_COMMENTS = YES;
				CLANG_WARN_EMPTY_BODY = YES;
				CLANG_WARN_ENUM_CONVERSION = YES;
				CLANG_WARN_INFINITE_RECURSION = YES;
				CLANG_WARN_INT_CONVERSION = YES;
				CLANG_WARN_OBJC_ROOT_CLASS = YES_ERROR;
				CLANG_WARN_SUSPICIOUS_MOVE = YES;
				CLANG_WARN_UNREACHABLE_CODE = YES;
				CLANG_WARN__DUPLICATE_METHOD_MATCH = YES;
				"CODE_SIGN_IDENTITY[sdk=iphoneos*]" = "iPhone Developer";
				COPY_PHASE_STRIP = NO;
				DEBUG_INFORMATION_FORMAT = dwarf;
				ENABLE_STRICT_OBJC_MSGSEND = YES;
				ENABLE_TESTABILITY = YES;
				GCC_C_LANGUAGE_STANDARD = gnu99;
				GCC_DYNAMIC_NO_PIC = NO;
				GCC_NO_COMMON_BLOCKS = YES;
				GCC_OPTIMIZATION_LEVEL = 0;
				GCC_PREPROCESSOR_DEFINITIONS = (
					"DEBUG=1",
					"$(inherited)",
				);
				GCC_WARN_64_TO_32_BIT_CONVERSION = YES;
				GCC_WARN_ABOUT_RETURN_TYPE = YES_ERROR;
				GCC_WARN_UNDECLARED_SELECTOR = YES;
				GCC_WARN_UNINITIALIZED_AUTOS = YES_AGGRESSIVE;
				GCC_WARN_UNUSED_FUNCTION = YES;
				GCC_WARN_UNUSED_VARIABLE = YES;
				IPHONEOS_DEPLOYMENT_TARGET = 10.3;
				MTL_ENABLE_DEBUG_INFO = YES;
				ONLY_ACTIVE_ARCH = YES;
				SDKROOT = iphoneos;
				TARGETED_DEVICE_FAMILY = "1,2";
			};
			name = Debug;
		};
		01C575E31F699658005BB217 /* Release */ = {
			isa = XCBuildConfiguration;
			buildSettings = {
				ALWAYS_SEARCH_USER_PATHS = NO;
				CLANG_ANALYZER_NONNULL = YES;
				CLANG_ANALYZER_NUMBER_OBJECT_CONVERSION = YES_AGGRESSIVE;
				CLANG_CXX_LANGUAGE_STANDARD = "gnu++0x";
				CLANG_CXX_LIBRARY = "libc++";
				CLANG_ENABLE_MODULES = YES;
				CLANG_ENABLE_OBJC_ARC = YES;
				CLANG_WARN_BOOL_CONVERSION = YES;
				CLANG_WARN_CONSTANT_CONVERSION = YES;
				CLANG_WARN_DIRECT_OBJC_ISA_USAGE = YES_ERROR;
				CLANG_WARN_DOCUMENTATION_COMMENTS = YES;
				CLANG_WARN_EMPTY_BODY = YES;
				CLANG_WARN_ENUM_CONVERSION = YES;
				CLANG_WARN_INFINITE_RECURSION = YES;
				CLANG_WARN_INT_CONVERSION = YES;
				CLANG_WARN_OBJC_ROOT_CLASS = YES_ERROR;
				CLANG_WARN_SUSPICIOUS_MOVE = YES;
				CLANG_WARN_UNREACHABLE_CODE = YES;
				CLANG_WARN__DUPLICATE_METHOD_MATCH = YES;
				"CODE_SIGN_IDENTITY[sdk=iphoneos*]" = "iPhone Developer";
				COPY_PHASE_STRIP = NO;
				DEBUG_INFORMATION_FORMAT = "dwarf-with-dsym";
				ENABLE_NS_ASSERTIONS = NO;
				ENABLE_STRICT_OBJC_MSGSEND = YES;
				GCC_C_LANGUAGE_STANDARD = gnu99;
				GCC_NO_COMMON_BLOCKS = YES;
				GCC_WARN_64_TO_32_BIT_CONVERSION = YES;
				GCC_WARN_ABOUT_RETURN_TYPE = YES_ERROR;
				GCC_WARN_UNDECLARED_SELECTOR = YES;
				GCC_WARN_UNINITIALIZED_AUTOS = YES_AGGRESSIVE;
				GCC_WARN_UNUSED_FUNCTION = YES;
				GCC_WARN_UNUSED_VARIABLE = YES;
				IPHONEOS_DEPLOYMENT_TARGET = 10.3;
				MTL_ENABLE_DEBUG_INFO = NO;
				SDKROOT = iphoneos;
				TARGETED_DEVICE_FAMILY = "1,2";
				VALIDATE_PRODUCT = YES;
			};
			name = Release;
		};
		01C575E51F699658005BB217 /* Debug */ = {
			isa = XCBuildConfiguration;
			buildSettings = {
				ASSETCATALOG_COMPILER_APPICON_NAME = AppIcon;
				INFOPLIST_FILE = EnteringHouse/Info.plist;
				LD_RUNPATH_SEARCH_PATHS = "$(inherited) @executable_path/Frameworks";
				PRODUCT_BUNDLE_IDENTIFIER = com.nickguerrero.EnteringHouse;
				PRODUCT_NAME = "$(TARGET_NAME)";
			};
			name = Debug;
		};
		01C575E61F699658005BB217 /* Release */ = {
			isa = XCBuildConfiguration;
			buildSettings = {
				ASSETCATALOG_COMPILER_APPICON_NAME = AppIcon;
				INFOPLIST_FILE = EnteringHouse/Info.plist;
				LD_RUNPATH_SEARCH_PATHS = "$(inherited) @executable_path/Frameworks";
				PRODUCT_BUNDLE_IDENTIFIER = com.nickguerrero.EnteringHouse;
				PRODUCT_NAME = "$(TARGET_NAME)";
			};
			name = Release;
		};
/* End XCBuildConfiguration section */

/* Begin XCConfigurationList section */
		01C575C81F699658005BB217 /* Build configuration list for PBXProject "EnteringHouse" */ = {
			isa = XCConfigurationList;
			buildConfigurations = (
				01C575E21F699658005BB217 /* Debug */,
				01C575E31F699658005BB217 /* Release */,
			);
			defaultConfigurationIsVisible = 0;
			defaultConfigurationName = Release;
		};
		01C575E41F699658005BB217 /* Build configuration list for PBXNativeTarget "EnteringHouse" */ = {
			isa = XCConfigurationList;
			buildConfigurations = (
				01C575E51F699658005BB217 /* Debug */,
				01C575E61F699658005BB217 /* Release */,
			);
			defaultConfigurationIsVisible = 0;
		};
/* End XCConfigurationList section */
	};
	rootObject = 01C575C51F699658005BB217 /* Project object */;
}
